
Microsoft Visual Studio Solution File, Format Version 12.00
# Visual Studio 15
VisualStudioVersion = 15.0.28307.1169
MinimumVisualStudioVersion = 10.0.40219.1
Project("{8BC9CEB8-8B4A-11D0-8D11-00A0C91BC942}") = "P4AllXP", "P4AllXP\P4AllXP.vcxproj", "{2D9E7210-5905-43F5-9B4B-862B3D1651FA}"
EndProject
Global
	GlobalSection(SolutionConfigurationPlatforms) = preSolution
		Debug|x64 = Debug|x64
		Debug|x86 = Debug|x86
		Release|x64 = Release|x64
		Release|x86 = Release|x86
	EndGlobalSection
	GlobalSection(ProjectConfigurationPlatforms) = postSolution
		{2D9E7210-5905-43F5-9B4B-862B3D1651FA}.Debug|x64.ActiveCfg = Debug|x64
		{2D9E7210-5905-43F5-9B4B-862B3D1651FA}.Debug|x64.Build.0 = Debug|x64
		{2D9E7210-5905-43F5-9B4B-862B3D1651FA}.Debug|x86.ActiveCfg = Debug|Win32
		{2D9E7210-5905-43F5-9B4B-862B3D1651FA}.Debug|x86.Build.0 = Debug|Win32
		{2D9E7210-5905-43F5-9B4B-862B3D1651FA}.Release|x64.ActiveCfg = Release|x64
		{2D9E7210-5905-43F5-9B4B-862B3D1651FA}.Release|x64.Build.0 = Release|x64
		{2D9E7210-5905-43F5-9B4B-862B3D1651FA}.Release|x86.ActiveCfg = Release|Win32
		{2D9E7210-5905-43F5-9B4B-862B3D1651FA}.Release|x86.Build.0 = Release|Win32
	EndGlobalSection
	GlobalSection(SolutionProperties) = preSolution
		HideSolutionNode = FALSE
	EndGlobalSection
	GlobalSection(ExtensibilityGlobals) = postSolution
		SolutionGuid = {2443B736-3644-470C-8789-EBDE6E37A31C}
	EndGlobalSection
EndGlobal
